
Microsoft Visual Studio Solution File, Format Version 12.00
Project("{FAE04EC0-301F-11D3-BF4B-00C04F79EFBC}") = "Eflatun.Expansions", "Eflatun.Expansions\Eflatun.Expansions.csproj", "{92CC73D4-6496-4945-B339-17C35B7995A5}"
EndProject
Global
	GlobalSection(SolutionConfigurationPlatforms) = preSolution
		Debug|Any CPU = Debug|Any CPU
		Release|Any CPU = Release|Any CPU
	EndGlobalSection
	GlobalSection(ProjectConfigurationPlatforms) = postSolution
		{92CC73D4-6496-4945-B339-17C35B7995A5}.Debug|Any CPU.ActiveCfg = Debug|Any CPU
		{92CC73D4-6496-4945-B339-17C35B7995A5}.Debug|Any CPU.Build.0 = Debug|Any CPU
		{92CC73D4-6496-4945-B339-17C35B7995A5}.Release|Any CPU.ActiveCfg = Release|Any CPU
		{92CC73D4-6496-4945-B339-17C35B7995A5}.Release|Any CPU.Build.0 = Release|Any CPU
	EndGlobalSection
EndGlobal
